
Microsoft Visual Studio Solution File, Format Version 12.00
# Visual Studio Version 17
VisualStudioVersion = 17.10.35013.160
MinimumVisualStudioVersion = 10.0.40219.1
Project("{FAE04EC0-301F-11D3-BF4B-00C04F79EFBC}") = "UserAuthService", "UserAuthService\UserAuthService.csproj", "{67562B5A-369C-44EC-BEE8-937ED06E51FF}"
EndProject
Global
	GlobalSection(SolutionConfigurationPlatforms) = preSolution
		Debug|Any CPU = Debug|Any CPU
		Release|Any CPU = Release|Any CPU
	EndGlobalSection
	GlobalSection(ProjectConfigurationPlatforms) = postSolution
		{67562B5A-369C-44EC-BEE8-937ED06E51FF}.Debug|Any CPU.ActiveCfg = Debug|Any CPU
		{67562B5A-369C-44EC-BEE8-937ED06E51FF}.Debug|Any CPU.Build.0 = Debug|Any CPU
		{67562B5A-369C-44EC-BEE8-937ED06E51FF}.Release|Any CPU.ActiveCfg = Release|Any CPU
		{67562B5A-369C-44EC-BEE8-937ED06E51FF}.Release|Any CPU.Build.0 = Release|Any CPU
	EndGlobalSection
	GlobalSection(SolutionProperties) = preSolution
		HideSolutionNode = FALSE
	EndGlobalSection
	GlobalSection(ExtensibilityGlobals) = postSolution
		SolutionGuid = {8FA0EFDD-6787-4675-8C5D-0699A66202B3}
	EndGlobalSection
EndGlobal
