
Microsoft Visual Studio Solution File, Format Version 12.00
# Visual Studio Version 17
VisualStudioVersion = 17.10.35122.118
MinimumVisualStudioVersion = 10.0.40219.1
Project("{FAE04EC0-301F-11D3-BF4B-00C04F79EFBC}") = "FinalProject", "FinalProject\FinalProject.csproj", "{66C22CD8-BCD1-4A94-8013-F2FC7BEB2A36}"
EndProject
Global
	GlobalSection(SolutionConfigurationPlatforms) = preSolution
		Debug|Any CPU = Debug|Any CPU
		Release|Any CPU = Release|Any CPU
	EndGlobalSection
	GlobalSection(ProjectConfigurationPlatforms) = postSolution
		{66C22CD8-BCD1-4A94-8013-F2FC7BEB2A36}.Debug|Any CPU.ActiveCfg = Debug|Any CPU
		{66C22CD8-BCD1-4A94-8013-F2FC7BEB2A36}.Debug|Any CPU.Build.0 = Debug|Any CPU
		{66C22CD8-BCD1-4A94-8013-F2FC7BEB2A36}.Release|Any CPU.ActiveCfg = Release|Any CPU
		{66C22CD8-BCD1-4A94-8013-F2FC7BEB2A36}.Release|Any CPU.Build.0 = Release|Any CPU
	EndGlobalSection
	GlobalSection(SolutionProperties) = preSolution
		HideSolutionNode = FALSE
	EndGlobalSection
	GlobalSection(ExtensibilityGlobals) = postSolution
		SolutionGuid = {3FABAF2D-A851-4527-9371-F8F430BA7630}
	EndGlobalSection
EndGlobal
